
Microsoft Visual Studio Solution File, Format Version 12.00
Project("{FAE04EC0-301F-11D3-BF4B-00C04F79EFBC}") = "Backend", "Backend\Backend.csproj", "{9CDA6DE3-07E6-499C-A0E9-6920171F7E6B}"
EndProject
Project("{FAE04EC0-301F-11D3-BF4B-00C04F79EFBC}") = "Frontend", "Frontend\Frontend.csproj", "{0C9A0966-B81F-44FA-9D4D-AF009B91D394}"
EndProject
Global
	GlobalSection(SolutionConfigurationPlatforms) = preSolution
		Debug|Any CPU = Debug|Any CPU
		Release|Any CPU = Release|Any CPU
	EndGlobalSection
	GlobalSection(ProjectConfigurationPlatforms) = postSolution
		{9CDA6DE3-07E6-499C-A0E9-6920171F7E6B}.Debug|Any CPU.ActiveCfg = Debug|Any CPU
		{9CDA6DE3-07E6-499C-A0E9-6920171F7E6B}.Debug|Any CPU.Build.0 = Debug|Any CPU
		{9CDA6DE3-07E6-499C-A0E9-6920171F7E6B}.Release|Any CPU.ActiveCfg = Release|Any CPU
		{9CDA6DE3-07E6-499C-A0E9-6920171F7E6B}.Release|Any CPU.Build.0 = Release|Any CPU
		{0C9A0966-B81F-44FA-9D4D-AF009B91D394}.Debug|Any CPU.ActiveCfg = Debug|Any CPU
		{0C9A0966-B81F-44FA-9D4D-AF009B91D394}.Debug|Any CPU.Build.0 = Debug|Any CPU
		{0C9A0966-B81F-44FA-9D4D-AF009B91D394}.Release|Any CPU.ActiveCfg = Release|Any CPU
		{0C9A0966-B81F-44FA-9D4D-AF009B91D394}.Release|Any CPU.Build.0 = Release|Any CPU
	EndGlobalSection
EndGlobal
